{
  "name": "ft_transcendance",
  "lockfileVersion": 2,
  "requires": true,
  "packages": {
    "": {
      "dependencies": {
        "shared-pong": "file:shared/pong"
      }
    },
    "node_modules/shared-pong": {
      "resolved": "shared/pong",
      "link": true
    },
    "shared/pong": {
      "name": "shared-pong",
      "version": "1.0.0",
      "license": "ISC"
    }
  },
  "dependencies": {
    "shared-pong": {
      "version": "file:shared/pong"
    }
  }
}
